
Microsoft Visual Studio Solution File, Format Version 12.00
# Visual Studio Version 17
VisualStudioVersion = 17.3.32819.101
MinimumVisualStudioVersion = 10.0.40219.1
Project("{9A19103F-16F7-4668-BE54-9A1E7A4F7556}") = "Marktplace.Backoffice", "Marktplace.Backoffice\Marktplace.Backoffice.csproj", "{F9A49B89-B922-4CF6-8EDF-E0E00F7C699D}"
EndProject
Global
	GlobalSection(SolutionConfigurationPlatforms) = preSolution
		Debug|Any CPU = Debug|Any CPU
		Release|Any CPU = Release|Any CPU
	EndGlobalSection
	GlobalSection(ProjectConfigurationPlatforms) = postSolution
		{F9A49B89-B922-4CF6-8EDF-E0E00F7C699D}.Debug|Any CPU.ActiveCfg = Debug|Any CPU
		{F9A49B89-B922-4CF6-8EDF-E0E00F7C699D}.Debug|Any CPU.Build.0 = Debug|Any CPU
		{F9A49B89-B922-4CF6-8EDF-E0E00F7C699D}.Release|Any CPU.ActiveCfg = Release|Any CPU
		{F9A49B89-B922-4CF6-8EDF-E0E00F7C699D}.Release|Any CPU.Build.0 = Release|Any CPU
	EndGlobalSection
	GlobalSection(SolutionProperties) = preSolution
		HideSolutionNode = FALSE
	EndGlobalSection
	GlobalSection(ExtensibilityGlobals) = postSolution
		SolutionGuid = {309FD96A-1151-4894-A0B3-4C08374C5E59}
	EndGlobalSection
EndGlobal
